// !$*UTF8*$!
{
	archiveVersion = 1;
	classes = {
	};
	objectVersion = 51;
	objects = {

/* Begin PBXBuildFile section */
		0A5BCAD2A29E71EBBD2A60C2 /* Pods_Mensaplan.framework in Frameworks */ = {isa = PBXBuildFile; fileRef = 7F8BAB132081D8CC197EFBBD /* Pods_Mensaplan.framework */; };
		9EFB4865C7E1A48C9CF5F800 /* Pods_MensaplanTests.framework in Frameworks */ = {isa = PBXBuildFile; fileRef = 3C866BE44F242A2D599C0783 /* Pods_MensaplanTests.framework */; };
		EA0C6DAB2374202300B6219C /* StartViewController.swift in Sources */ = {isa = PBXBuildFile; fileRef = EA0C6DAA2374202300B6219C /* StartViewController.swift */; };
		EA0C6DAD2374270500B6219C /* LoginViewController.swift in Sources */ = {isa = PBXBuildFile; fileRef = EA0C6DAC2374270500B6219C /* LoginViewController.swift */; };
		EA0C6DAF2374938E00B6219C /* RegisterViewController.swift in Sources */ = {isa = PBXBuildFile; fileRef = EA0C6DAE2374938E00B6219C /* RegisterViewController.swift */; };
		EA0C6DB32378541C00B6219C /* FavoritesTableViewCell.swift in Sources */ = {isa = PBXBuildFile; fileRef = EA0C6DB22378541C00B6219C /* FavoritesTableViewCell.swift */; };
		EA0C6DB523796FF500B6219C /* AccountViewController.swift in Sources */ = {isa = PBXBuildFile; fileRef = EA0C6DB423796FF500B6219C /* AccountViewController.swift */; };
		EA3A2B1423A8C71200E7D705 /* 677-trophy.json in Resources */ = {isa = PBXBuildFile; fileRef = EA3A2B1323A8C71200E7D705 /* 677-trophy.json */; };
		EA3B007D23951C990089A906 /* NotificationManager.swift in Sources */ = {isa = PBXBuildFile; fileRef = EA3B007C23951C990089A906 /* NotificationManager.swift */; };
		EA3B007F23951CF10089A906 /* Notification.swift in Sources */ = {isa = PBXBuildFile; fileRef = EA3B007E23951CF10089A906 /* Notification.swift */; };
		EA6C6EA4232BDB0500B6DBCD /* RoundedButton.swift in Sources */ = {isa = PBXBuildFile; fileRef = EA6C6EA3232BDB0500B6DBCD /* RoundedButton.swift */; };
		EA6C6EA6232FB1A600B6DBCD /* FavoritesTableViewController.swift in Sources */ = {isa = PBXBuildFile; fileRef = EA6C6EA5232FB1A600B6DBCD /* FavoritesTableViewController.swift */; };
		EA8C80E32327D152008C572C /* Meal.swift in Sources */ = {isa = PBXBuildFile; fileRef = EA8C80E22327D152008C572C /* Meal.swift */; };
		EA8C80E52328FBB1008C572C /* MealTableViewCell.swift in Sources */ = {isa = PBXBuildFile; fileRef = EA8C80E42328FBB1008C572C /* MealTableViewCell.swift */; };
		EA8C80E7232900F1008C572C /* MealTableViewController.swift in Sources */ = {isa = PBXBuildFile; fileRef = EA8C80E6232900F1008C572C /* MealTableViewController.swift */; };
		EA93515D237C518B005BC96C /* UserSession.swift in Sources */ = {isa = PBXBuildFile; fileRef = EA93515C237C518B005BC96C /* UserSession.swift */; };
		EA93515F237D63FE005BC96C /* NetworkingManager.swift in Sources */ = {isa = PBXBuildFile; fileRef = EA93515E237D63FE005BC96C /* NetworkingManager.swift */; };
		EA935161238048B8005BC96C /* PopularMealsViewController.swift in Sources */ = {isa = PBXBuildFile; fileRef = EA935160238048B8005BC96C /* PopularMealsViewController.swift */; };
		EA93516323805269005BC96C /* 4768-trophy.json in Resources */ = {isa = PBXBuildFile; fileRef = EA93516223805269005BC96C /* 4768-trophy.json */; };
		EA93516723805CC2005BC96C /* 6627-dislike-thumb-emoji.json in Resources */ = {isa = PBXBuildFile; fileRef = EA93516623805CC2005BC96C /* 6627-dislike-thumb-emoji.json */; };
		EAACDE03232FCC0200376EC0 /* Toast.swift in Sources */ = {isa = PBXBuildFile; fileRef = EAACDE02232FCC0200376EC0 /* Toast.swift */; };
		EAAFA3692327AE7400904EB3 /* AppDelegate.swift in Sources */ = {isa = PBXBuildFile; fileRef = EAAFA3682327AE7400904EB3 /* AppDelegate.swift */; };
		EAAFA36B2327AE7400904EB3 /* MealViewController.swift in Sources */ = {isa = PBXBuildFile; fileRef = EAAFA36A2327AE7400904EB3 /* MealViewController.swift */; };
		EAAFA36E2327AE7400904EB3 /* Main.storyboard in Resources */ = {isa = PBXBuildFile; fileRef = EAAFA36C2327AE7400904EB3 /* Main.storyboard */; };
		EAAFA3702327AE7500904EB3 /* Assets.xcassets in Resources */ = {isa = PBXBuildFile; fileRef = EAAFA36F2327AE7500904EB3 /* Assets.xcassets */; };
		EAAFA3732327AE7500904EB3 /* LaunchScreen.storyboard in Resources */ = {isa = PBXBuildFile; fileRef = EAAFA3712327AE7500904EB3 /* LaunchScreen.storyboard */; };
		EAAFA37E2327AE7500904EB3 /* MensaplanTests.swift in Sources */ = {isa = PBXBuildFile; fileRef = EAAFA37D2327AE7500904EB3 /* MensaplanTests.swift */; };
/* End PBXBuildFile section */

/* Begin PBXContainerItemProxy section */
		EAAFA37A2327AE7500904EB3 /* PBXContainerItemProxy */ = {
			isa = PBXContainerItemProxy;
			containerPortal = EAAFA35D2327AE7400904EB3 /* Project object */;
			proxyType = 1;
			remoteGlobalIDString = EAAFA3642327AE7400904EB3;
			remoteInfo = Mensaplan;
		};
/* End PBXContainerItemProxy section */

/* Begin PBXFileReference section */
		0F14A82792C950938FC54B46 /* Pods-MensaplanTests.debug.xcconfig */ = {isa = PBXFileReference; includeInIndex = 1; lastKnownFileType = text.xcconfig; name = "Pods-MensaplanTests.debug.xcconfig"; path = "Target Support Files/Pods-MensaplanTests/Pods-MensaplanTests.debug.xcconfig"; sourceTree = "<group>"; };
		3C866BE44F242A2D599C0783 /* Pods_MensaplanTests.framework */ = {isa = PBXFileReference; explicitFileType = wrapper.framework; includeInIndex = 0; path = Pods_MensaplanTests.framework; sourceTree = BUILT_PRODUCTS_DIR; };
		4493CCBB2734DF435C180619 /* Pods-Mensaplan.debug.xcconfig */ = {isa = PBXFileReference; includeInIndex = 1; lastKnownFileType = text.xcconfig; name = "Pods-Mensaplan.debug.xcconfig"; path = "Target Support Files/Pods-Mensaplan/Pods-Mensaplan.debug.xcconfig"; sourceTree = "<group>"; };
		7B8F199F07A2B0E61E6E535C /* Pods-Mensaplan.release.xcconfig */ = {isa = PBXFileReference; includeInIndex = 1; lastKnownFileType = text.xcconfig; name = "Pods-Mensaplan.release.xcconfig"; path = "Target Support Files/Pods-Mensaplan/Pods-Mensaplan.release.xcconfig"; sourceTree = "<group>"; };
		7F8BAB132081D8CC197EFBBD /* Pods_Mensaplan.framework */ = {isa = PBXFileReference; explicitFileType = wrapper.framework; includeInIndex = 0; path = Pods_Mensaplan.framework; sourceTree = BUILT_PRODUCTS_DIR; };
		AEEEB80E84509CD39E149BB7 /* Pods-MensaplanTests.release.xcconfig */ = {isa = PBXFileReference; includeInIndex = 1; lastKnownFileType = text.xcconfig; name = "Pods-MensaplanTests.release.xcconfig"; path = "Target Support Files/Pods-MensaplanTests/Pods-MensaplanTests.release.xcconfig"; sourceTree = "<group>"; };
		EA0C6DAA2374202300B6219C /* StartViewController.swift */ = {isa = PBXFileReference; lastKnownFileType = sourcecode.swift; path = StartViewController.swift; sourceTree = "<group>"; };
		EA0C6DAC2374270500B6219C /* LoginViewController.swift */ = {isa = PBXFileReference; lastKnownFileType = sourcecode.swift; path = LoginViewController.swift; sourceTree = "<group>"; };
		EA0C6DAE2374938E00B6219C /* RegisterViewController.swift */ = {isa = PBXFileReference; lastKnownFileType = sourcecode.swift; path = RegisterViewController.swift; sourceTree = "<group>"; };
		EA0C6DB22378541C00B6219C /* FavoritesTableViewCell.swift */ = {isa = PBXFileReference; lastKnownFileType = sourcecode.swift; path = FavoritesTableViewCell.swift; sourceTree = "<group>"; };
		EA0C6DB423796FF500B6219C /* AccountViewController.swift */ = {isa = PBXFileReference; lastKnownFileType = sourcecode.swift; path = AccountViewController.swift; sourceTree = "<group>"; };
		EA3A2B1323A8C71200E7D705 /* 677-trophy.json */ = {isa = PBXFileReference; fileEncoding = 4; lastKnownFileType = text.json; path = "677-trophy.json"; sourceTree = "<group>"; };
		EA3B007C23951C990089A906 /* NotificationManager.swift */ = {isa = PBXFileReference; lastKnownFileType = sourcecode.swift; path = NotificationManager.swift; sourceTree = "<group>"; };
		EA3B007E23951CF10089A906 /* Notification.swift */ = {isa = PBXFileReference; lastKnownFileType = sourcecode.swift; path = Notification.swift; sourceTree = "<group>"; };
		EA6C6EA3232BDB0500B6DBCD /* RoundedButton.swift */ = {isa = PBXFileReference; lastKnownFileType = sourcecode.swift; path = RoundedButton.swift; sourceTree = "<group>"; };
		EA6C6EA5232FB1A600B6DBCD /* FavoritesTableViewController.swift */ = {isa = PBXFileReference; lastKnownFileType = sourcecode.swift; path = FavoritesTableViewController.swift; sourceTree = "<group>"; };
		EA8C80E22327D152008C572C /* Meal.swift */ = {isa = PBXFileReference; lastKnownFileType = sourcecode.swift; path = Meal.swift; sourceTree = "<group>"; };
		EA8C80E42328FBB1008C572C /* MealTableViewCell.swift */ = {isa = PBXFileReference; lastKnownFileType = sourcecode.swift; path = MealTableViewCell.swift; sourceTree = "<group>"; };
		EA8C80E6232900F1008C572C /* MealTableViewController.swift */ = {isa = PBXFileReference; lastKnownFileType = sourcecode.swift; path = MealTableViewController.swift; sourceTree = "<group>"; };
		EA93515C237C518B005BC96C /* UserSession.swift */ = {isa = PBXFileReference; lastKnownFileType = sourcecode.swift; path = UserSession.swift; sourceTree = "<group>"; };
		EA93515E237D63FE005BC96C /* NetworkingManager.swift */ = {isa = PBXFileReference; lastKnownFileType = sourcecode.swift; path = NetworkingManager.swift; sourceTree = "<group>"; };
		EA935160238048B8005BC96C /* PopularMealsViewController.swift */ = {isa = PBXFileReference; lastKnownFileType = sourcecode.swift; path = PopularMealsViewController.swift; sourceTree = "<group>"; };
		EA93516223805269005BC96C /* 4768-trophy.json */ = {isa = PBXFileReference; fileEncoding = 4; lastKnownFileType = text.json; name = "4768-trophy.json"; path = "Mensaplan/swift/Animations/4768-trophy.json"; sourceTree = SOURCE_ROOT; };
		EA93516623805CC2005BC96C /* 6627-dislike-thumb-emoji.json */ = {isa = PBXFileReference; fileEncoding = 4; lastKnownFileType = text.json; name = "6627-dislike-thumb-emoji.json"; path = "Mensaplan/swift/Animations/6627-dislike-thumb-emoji.json"; sourceTree = SOURCE_ROOT; };
		EAACDE02232FCC0200376EC0 /* Toast.swift */ = {isa = PBXFileReference; lastKnownFileType = sourcecode.swift; path = Toast.swift; sourceTree = "<group>"; };
		EAAFA3652327AE7400904EB3 /* Mensaplan.app */ = {isa = PBXFileReference; explicitFileType = wrapper.application; includeInIndex = 0; path = Mensaplan.app; sourceTree = BUILT_PRODUCTS_DIR; };
		EAAFA3682327AE7400904EB3 /* AppDelegate.swift */ = {isa = PBXFileReference; lastKnownFileType = sourcecode.swift; path = AppDelegate.swift; sourceTree = "<group>"; };
		EAAFA36A2327AE7400904EB3 /* MealViewController.swift */ = {isa = PBXFileReference; lastKnownFileType = sourcecode.swift; path = MealViewController.swift; sourceTree = "<group>"; };
		EAAFA36D2327AE7400904EB3 /* Base */ = {isa = PBXFileReference; lastKnownFileType = file.storyboard; name = Base; path = Base.lproj/Main.storyboard; sourceTree = "<group>"; };
		EAAFA36F2327AE7500904EB3 /* Assets.xcassets */ = {isa = PBXFileReference; lastKnownFileType = folder.assetcatalog; path = Assets.xcassets; sourceTree = "<group>"; };
		EAAFA3722327AE7500904EB3 /* Base */ = {isa = PBXFileReference; lastKnownFileType = file.storyboard; name = Base; path = Base.lproj/LaunchScreen.storyboard; sourceTree = "<group>"; };
		EAAFA3742327AE7500904EB3 /* Info.plist */ = {isa = PBXFileReference; lastKnownFileType = text.plist.xml; path = Info.plist; sourceTree = "<group>"; };
		EAAFA3792327AE7500904EB3 /* MensaplanTests.xctest */ = {isa = PBXFileReference; explicitFileType = wrapper.cfbundle; includeInIndex = 0; path = MensaplanTests.xctest; sourceTree = BUILT_PRODUCTS_DIR; };
		EAAFA37D2327AE7500904EB3 /* MensaplanTests.swift */ = {isa = PBXFileReference; lastKnownFileType = sourcecode.swift; path = MensaplanTests.swift; sourceTree = "<group>"; };
		EAAFA37F2327AE7500904EB3 /* Info.plist */ = {isa = PBXFileReference; lastKnownFileType = text.plist.xml; path = Info.plist; sourceTree = "<group>"; };
/* End PBXFileReference section */

/* Begin PBXFrameworksBuildPhase section */
		EAAFA3622327AE7400904EB3 /* Frameworks */ = {
			isa = PBXFrameworksBuildPhase;
			buildActionMask = 2147483647;
			files = (
				0A5BCAD2A29E71EBBD2A60C2 /* Pods_Mensaplan.framework in Frameworks */,
			);
			runOnlyForDeploymentPostprocessing = 0;
		};
		EAAFA3762327AE7500904EB3 /* Frameworks */ = {
			isa = PBXFrameworksBuildPhase;
			buildActionMask = 2147483647;
			files = (
				9EFB4865C7E1A48C9CF5F800 /* Pods_MensaplanTests.framework in Frameworks */,
			);
			runOnlyForDeploymentPostprocessing = 0;
		};
/* End PBXFrameworksBuildPhase section */

/* Begin PBXGroup section */
		60CEE10745D63FC22584ADBC /* Pods */ = {
			isa = PBXGroup;
			children = (
				4493CCBB2734DF435C180619 /* Pods-Mensaplan.debug.xcconfig */,
				7B8F199F07A2B0E61E6E535C /* Pods-Mensaplan.release.xcconfig */,
				0F14A82792C950938FC54B46 /* Pods-MensaplanTests.debug.xcconfig */,
				AEEEB80E84509CD39E149BB7 /* Pods-MensaplanTests.release.xcconfig */,
			);
			path = Pods;
			sourceTree = "<group>";
		};
		7765EB182A6B1FBB45C17CEA /* Frameworks */ = {
			isa = PBXGroup;
			children = (
				7F8BAB132081D8CC197EFBBD /* Pods_Mensaplan.framework */,
				3C866BE44F242A2D599C0783 /* Pods_MensaplanTests.framework */,
			);
			name = Frameworks;
			sourceTree = "<group>";
		};
		EA3A2B1523EADAAF00E7D705 /* swift */ = {
			isa = PBXGroup;
			children = (
				EA3A2B1923EADB9000E7D705 /* Animations */,
				EA93515C237C518B005BC96C /* UserSession.swift */,
				EA93515E237D63FE005BC96C /* NetworkingManager.swift */,
				EA3B007C23951C990089A906 /* NotificationManager.swift */,
				EA3B007E23951CF10089A906 /* Notification.swift */,
				EA3A2B1823EADB5000E7D705 /* Models */,
				EA3A2B1723EADB3400E7D705 /* Components */,
				EA3A2B1623EADB1500E7D705 /* Controllers */,
			);
			path = swift;
			sourceTree = "<group>";
		};
		EA3A2B1623EADB1500E7D705 /* Controllers */ = {
			isa = PBXGroup;
			children = (
				EA0C6DAA2374202300B6219C /* StartViewController.swift */,
				EA0C6DAC2374270500B6219C /* LoginViewController.swift */,
				EA0C6DAE2374938E00B6219C /* RegisterViewController.swift */,
				EAAFA36A2327AE7400904EB3 /* MealViewController.swift */,
				EA6C6EA5232FB1A600B6DBCD /* FavoritesTableViewController.swift */,
				EA0C6DB22378541C00B6219C /* FavoritesTableViewCell.swift */,
				EA8C80E42328FBB1008C572C /* MealTableViewCell.swift */,
				EA8C80E6232900F1008C572C /* MealTableViewController.swift */,
				EA0C6DB423796FF500B6219C /* AccountViewController.swift */,
				EA935160238048B8005BC96C /* PopularMealsViewController.swift */,
			);
			path = Controllers;
			sourceTree = "<group>";
		};
		EA3A2B1723EADB3400E7D705 /* Components */ = {
			isa = PBXGroup;
			children = (
				EA6C6EA3232BDB0500B6DBCD /* RoundedButton.swift */,
				EAACDE02232FCC0200376EC0 /* Toast.swift */,
			);
			path = Components;
			sourceTree = "<group>";
		};
		EA3A2B1823EADB5000E7D705 /* Models */ = {
			isa = PBXGroup;
			children = (
				EA8C80E22327D152008C572C /* Meal.swift */,
			);
			path = Models;
			sourceTree = "<group>";
		};
		EA3A2B1923EADB9000E7D705 /* Animations */ = {
			isa = PBXGroup;
			children = (
				EA93516223805269005BC96C /* 4768-trophy.json */,
				EA93516623805CC2005BC96C /* 6627-dislike-thumb-emoji.json */,
				EA3A2B1323A8C71200E7D705 /* 677-trophy.json */,
			);
			path = Animations;
			sourceTree = "<group>";
		};
		EAAFA35C2327AE7400904EB3 = {
			isa = PBXGroup;
			children = (
				EAAFA3672327AE7400904EB3 /* Mensaplan */,
				EAAFA37C2327AE7500904EB3 /* MensaplanTests */,
				EAAFA3662327AE7400904EB3 /* Products */,
				60CEE10745D63FC22584ADBC /* Pods */,
				7765EB182A6B1FBB45C17CEA /* Frameworks */,
			);
			sourceTree = "<group>";
		};
		EAAFA3662327AE7400904EB3 /* Products */ = {
			isa = PBXGroup;
			children = (
				EAAFA3652327AE7400904EB3 /* Mensaplan.app */,
				EAAFA3792327AE7500904EB3 /* MensaplanTests.xctest */,
			);
			name = Products;
			sourceTree = "<group>";
		};
		EAAFA3672327AE7400904EB3 /* Mensaplan */ = {
			isa = PBXGroup;
			children = (
				EA3A2B1523EADAAF00E7D705 /* swift */,
				EAAFA3682327AE7400904EB3 /* AppDelegate.swift */,
				EAAFA36C2327AE7400904EB3 /* Main.storyboard */,
				EAAFA36F2327AE7500904EB3 /* Assets.xcassets */,
				EAAFA3712327AE7500904EB3 /* LaunchScreen.storyboard */,
				EAAFA3742327AE7500904EB3 /* Info.plist */,
			);
			path = Mensaplan;
			sourceTree = "<group>";
		};
		EAAFA37C2327AE7500904EB3 /* MensaplanTests */ = {
			isa = PBXGroup;
			children = (
				EAAFA37D2327AE7500904EB3 /* MensaplanTests.swift */,
				EAAFA37F2327AE7500904EB3 /* Info.plist */,
			);
			path = MensaplanTests;
			sourceTree = "<group>";
		};
/* End PBXGroup section */

/* Begin PBXNativeTarget section */
		EAAFA3642327AE7400904EB3 /* Mensaplan */ = {
			isa = PBXNativeTarget;
			buildConfigurationList = EAAFA3822327AE7500904EB3 /* Build configuration list for PBXNativeTarget "Mensaplan" */;
			buildPhases = (
				AB10D84B0D9F8B18AF237096 /* [CP] Check Pods Manifest.lock */,
				EAAFA3612327AE7400904EB3 /* Sources */,
				EAAFA3622327AE7400904EB3 /* Frameworks */,
				EAAFA3632327AE7400904EB3 /* Resources */,
				F1D769ACD370BDC9E9834B47 /* [CP] Embed Pods Frameworks */,
			);
			buildRules = (
			);
			dependencies = (
			);
			name = Mensaplan;
			productName = Mensaplan;
			productReference = EAAFA3652327AE7400904EB3 /* Mensaplan.app */;
			productType = "com.apple.product-type.application";
		};
		EAAFA3782327AE7500904EB3 /* MensaplanTests */ = {
			isa = PBXNativeTarget;
			buildConfigurationList = EAAFA3852327AE7500904EB3 /* Build configuration list for PBXNativeTarget "MensaplanTests" */;
			buildPhases = (
				B1DF9DD4748EE1FE720CE09E /* [CP] Check Pods Manifest.lock */,
				EAAFA3752327AE7500904EB3 /* Sources */,
				EAAFA3762327AE7500904EB3 /* Frameworks */,
				EAAFA3772327AE7500904EB3 /* Resources */,
			);
			buildRules = (
			);
			dependencies = (
				EAAFA37B2327AE7500904EB3 /* PBXTargetDependency */,
			);
			name = MensaplanTests;
			productName = MensaplanTests;
			productReference = EAAFA3792327AE7500904EB3 /* MensaplanTests.xctest */;
			productType = "com.apple.product-type.bundle.unit-test";
		};
/* End PBXNativeTarget section */

/* Begin PBXProject section */
		EAAFA35D2327AE7400904EB3 /* Project object */ = {
			isa = PBXProject;
			attributes = {
				LastSwiftUpdateCheck = 1030;
				LastUpgradeCheck = 1030;
				ORGANIZATIONNAME = "Stefan Sator";
				TargetAttributes = {
					EAAFA3642327AE7400904EB3 = {
						CreatedOnToolsVersion = 10.3;
					};
					EAAFA3782327AE7500904EB3 = {
						CreatedOnToolsVersion = 10.3;
						TestTargetID = EAAFA3642327AE7400904EB3;
					};
				};
			};
			buildConfigurationList = EAAFA3602327AE7400904EB3 /* Build configuration list for PBXProject "Mensaplan" */;
			compatibilityVersion = "Xcode 9.3";
			developmentRegion = en;
			hasScannedForEncodings = 0;
			knownRegions = (
				en,
				Base,
			);
			mainGroup = EAAFA35C2327AE7400904EB3;
			productRefGroup = EAAFA3662327AE7400904EB3 /* Products */;
			projectDirPath = "";
			projectRoot = "";
			targets = (
				EAAFA3642327AE7400904EB3 /* Mensaplan */,
				EAAFA3782327AE7500904EB3 /* MensaplanTests */,
			);
		};
/* End PBXProject section */

/* Begin PBXResourcesBuildPhase section */
		EAAFA3632327AE7400904EB3 /* Resources */ = {
			isa = PBXResourcesBuildPhase;
			buildActionMask = 2147483647;
			files = (
				EA93516323805269005BC96C /* 4768-trophy.json in Resources */,
				EAAFA3732327AE7500904EB3 /* LaunchScreen.storyboard in Resources */,
				EAAFA3702327AE7500904EB3 /* Assets.xcassets in Resources */,
				EA93516723805CC2005BC96C /* 6627-dislike-thumb-emoji.json in Resources */,
				EA3A2B1423A8C71200E7D705 /* 677-trophy.json in Resources */,
				EAAFA36E2327AE7400904EB3 /* Main.storyboard in Resources */,
			);
			runOnlyForDeploymentPostprocessing = 0;
		};
		EAAFA3772327AE7500904EB3 /* Resources */ = {
			isa = PBXResourcesBuildPhase;
			buildActionMask = 2147483647;
			files = (
			);
			runOnlyForDeploymentPostprocessing = 0;
		};
/* End PBXResourcesBuildPhase section */

/* Begin PBXShellScriptBuildPhase section */
		AB10D84B0D9F8B18AF237096 /* [CP] Check Pods Manifest.lock */ = {
			isa = PBXShellScriptBuildPhase;
			buildActionMask = 2147483647;
			files = (
			);
			inputFileListPaths = (
			);
			inputPaths = (
				"${PODS_PODFILE_DIR_PATH}/Podfile.lock",
				"${PODS_ROOT}/Manifest.lock",
			);
			name = "[CP] Check Pods Manifest.lock";
			outputFileListPaths = (
			);
			outputPaths = (
				"$(DERIVED_FILE_DIR)/Pods-Mensaplan-checkManifestLockResult.txt",
			);
			runOnlyForDeploymentPostprocessing = 0;
			shellPath = /bin/sh;
			shellScript = "diff \"${PODS_PODFILE_DIR_PATH}/Podfile.lock\" \"${PODS_ROOT}/Manifest.lock\" > /dev/null\nif [ $? != 0 ] ; then\n    # print error to STDERR\n    echo \"error: The sandbox is not in sync with the Podfile.lock. Run 'pod install' or update your CocoaPods installation.\" >&2\n    exit 1\nfi\n# This output is used by Xcode 'outputs' to avoid re-running this script phase.\necho \"SUCCESS\" > \"${SCRIPT_OUTPUT_FILE_0}\"\n";
			showEnvVarsInLog = 0;
		};
		B1DF9DD4748EE1FE720CE09E /* [CP] Check Pods Manifest.lock */ = {
			isa = PBXShellScriptBuildPhase;
			buildActionMask = 2147483647;
			files = (
			);
			inputFileListPaths = (
			);
			inputPaths = (
				"${PODS_PODFILE_DIR_PATH}/Podfile.lock",
				"${PODS_ROOT}/Manifest.lock",
			);
			name = "[CP] Check Pods Manifest.lock";
			outputFileListPaths = (
			);
			outputPaths = (
				"$(DERIVED_FILE_DIR)/Pods-MensaplanTests-checkManifestLockResult.txt",
			);
			runOnlyForDeploymentPostprocessing = 0;
			shellPath = /bin/sh;
			shellScript = "diff \"${PODS_PODFILE_DIR_PATH}/Podfile.lock\" \"${PODS_ROOT}/Manifest.lock\" > /dev/null\nif [ $? != 0 ] ; then\n    # print error to STDERR\n    echo \"error: The sandbox is not in sync with the Podfile.lock. Run 'pod install' or update your CocoaPods installation.\" >&2\n    exit 1\nfi\n# This output is used by Xcode 'outputs' to avoid re-running this script phase.\necho \"SUCCESS\" > \"${SCRIPT_OUTPUT_FILE_0}\"\n";
			showEnvVarsInLog = 0;
		};
		F1D769ACD370BDC9E9834B47 /* [CP] Embed Pods Frameworks */ = {
			isa = PBXShellScriptBuildPhase;
			buildActionMask = 2147483647;
			files = (
			);
			inputFileListPaths = (
				"${PODS_ROOT}/Target Support Files/Pods-Mensaplan/Pods-Mensaplan-frameworks-${CONFIGURATION}-input-files.xcfilelist",
			);
			name = "[CP] Embed Pods Frameworks";
			outputFileListPaths = (
				"${PODS_ROOT}/Target Support Files/Pods-Mensaplan/Pods-Mensaplan-frameworks-${CONFIGURATION}-output-files.xcfilelist",
			);
			runOnlyForDeploymentPostprocessing = 0;
			shellPath = /bin/sh;
			shellScript = "\"${PODS_ROOT}/Target Support Files/Pods-Mensaplan/Pods-Mensaplan-frameworks.sh\"\n";
			showEnvVarsInLog = 0;
		};
/* End PBXShellScriptBuildPhase section */

/* Begin PBXSourcesBuildPhase section */
		EAAFA3612327AE7400904EB3 /* Sources */ = {
			isa = PBXSourcesBuildPhase;
			buildActionMask = 2147483647;
			files = (
				EA8C80E7232900F1008C572C /* MealTableViewController.swift in Sources */,
				EA3B007D23951C990089A906 /* NotificationManager.swift in Sources */,
				EA3B007F23951CF10089A906 /* Notification.swift in Sources */,
				EA0C6DB32378541C00B6219C /* FavoritesTableViewCell.swift in Sources */,
				EA0C6DB523796FF500B6219C /* AccountViewController.swift in Sources */,
				EA93515F237D63FE005BC96C /* NetworkingManager.swift in Sources */,
				EA93515D237C518B005BC96C /* UserSession.swift in Sources */,
				EA0C6DAF2374938E00B6219C /* RegisterViewController.swift in Sources */,
				EAACDE03232FCC0200376EC0 /* Toast.swift in Sources */,
				EA6C6EA4232BDB0500B6DBCD /* RoundedButton.swift in Sources */,
				EA6C6EA6232FB1A600B6DBCD /* FavoritesTableViewController.swift in Sources */,
				EA8C80E52328FBB1008C572C /* MealTableViewCell.swift in Sources */,
				EA0C6DAB2374202300B6219C /* StartViewController.swift in Sources */,
				EAAFA36B2327AE7400904EB3 /* MealViewController.swift in Sources */,
				EA8C80E32327D152008C572C /* Meal.swift in Sources */,
				EA0C6DAD2374270500B6219C /* LoginViewController.swift in Sources */,
				EA935161238048B8005BC96C /* PopularMealsViewController.swift in Sources */,
				EAAFA3692327AE7400904EB3 /* AppDelegate.swift in Sources */,
			);
			runOnlyForDeploymentPostprocessing = 0;
		};
		EAAFA3752327AE7500904EB3 /* Sources */ = {
			isa = PBXSourcesBuildPhase;
			buildActionMask = 2147483647;
			files = (
				EAAFA37E2327AE7500904EB3 /* MensaplanTests.swift in Sources */,
			);
			runOnlyForDeploymentPostprocessing = 0;
		};
/* End PBXSourcesBuildPhase section */

/* Begin PBXTargetDependency section */
		EAAFA37B2327AE7500904EB3 /* PBXTargetDependency */ = {
			isa = PBXTargetDependency;
			target = EAAFA3642327AE7400904EB3 /* Mensaplan */;
			targetProxy = EAAFA37A2327AE7500904EB3 /* PBXContainerItemProxy */;
		};
/* End PBXTargetDependency section */

/* Begin PBXVariantGroup section */
		EAAFA36C2327AE7400904EB3 /* Main.storyboard */ = {
			isa = PBXVariantGroup;
			children = (
				EAAFA36D2327AE7400904EB3 /* Base */,
			);
			name = Main.storyboard;
			sourceTree = "<group>";
		};
		EAAFA3712327AE7500904EB3 /* LaunchScreen.storyboard */ = {
			isa = PBXVariantGroup;
			children = (
				EAAFA3722327AE7500904EB3 /* Base */,
			);
			name = LaunchScreen.storyboard;
			sourceTree = "<group>";
		};
/* End PBXVariantGroup section */

/* Begin XCBuildConfiguration section */
		EAAFA3802327AE7500904EB3 /* Debug */ = {
			isa = XCBuildConfiguration;
			buildSettings = {
				ALWAYS_SEARCH_USER_PATHS = NO;
				CLANG_ANALYZER_NONNULL = YES;
				CLANG_ANALYZER_NUMBER_OBJECT_CONVERSION = YES_AGGRESSIVE;
				CLANG_CXX_LANGUAGE_STANDARD = "gnu++14";
				CLANG_CXX_LIBRARY = "libc++";
				CLANG_ENABLE_MODULES = YES;
				CLANG_ENABLE_OBJC_ARC = YES;
				CLANG_ENABLE_OBJC_WEAK = YES;
				CLANG_WARN_BLOCK_CAPTURE_AUTORELEASING = YES;
				CLANG_WARN_BOOL_CONVERSION = YES;
				CLANG_WARN_COMMA = YES;
				CLANG_WARN_CONSTANT_CONVERSION = YES;
				CLANG_WARN_DEPRECATED_OBJC_IMPLEMENTATIONS = YES;
				CLANG_WARN_DIRECT_OBJC_ISA_USAGE = YES_ERROR;
				CLANG_WARN_DOCUMENTATION_COMMENTS = YES;
				CLANG_WARN_EMPTY_BODY = YES;
				CLANG_WARN_ENUM_CONVERSION = YES;
				CLANG_WARN_INFINITE_RECURSION = YES;
				CLANG_WARN_INT_CONVERSION = YES;
				CLANG_WARN_NON_LITERAL_NULL_CONVERSION = YES;
				CLANG_WARN_OBJC_IMPLICIT_RETAIN_SELF = YES;
				CLANG_WARN_OBJC_LITERAL_CONVERSION = YES;
				CLANG_WARN_OBJC_ROOT_CLASS = YES_ERROR;
				CLANG_WARN_RANGE_LOOP_ANALYSIS = YES;
				CLANG_WARN_STRICT_PROTOTYPES = YES;
				CLANG_WARN_SUSPICIOUS_MOVE = YES;
				CLANG_WARN_UNGUARDED_AVAILABILITY = YES_AGGRESSIVE;
				CLANG_WARN_UNREACHABLE_CODE = YES;
				CLANG_WARN__DUPLICATE_METHOD_MATCH = YES;
				CODE_SIGN_IDENTITY = "iPhone Developer";
				COPY_PHASE_STRIP = NO;
				DEBUG_INFORMATION_FORMAT = dwarf;
				ENABLE_STRICT_OBJC_MSGSEND = YES;
				ENABLE_TESTABILITY = YES;
				GCC_C_LANGUAGE_STANDARD = gnu11;
				GCC_DYNAMIC_NO_PIC = NO;
				GCC_NO_COMMON_BLOCKS = YES;
				GCC_OPTIMIZATION_LEVEL = 0;
				GCC_PREPROCESSOR_DEFINITIONS = (
					"DEBUG=1",
					"$(inherited)",
				);
				GCC_WARN_64_TO_32_BIT_CONVERSION = YES;
				GCC_WARN_ABOUT_RETURN_TYPE = YES_ERROR;
				GCC_WARN_UNDECLARED_SELECTOR = YES;
				GCC_WARN_UNINITIALIZED_AUTOS = YES_AGGRESSIVE;
				GCC_WARN_UNUSED_FUNCTION = YES;
				GCC_WARN_UNUSED_VARIABLE = YES;
				IPHONEOS_DEPLOYMENT_TARGET = 12.4;
				MTL_ENABLE_DEBUG_INFO = INCLUDE_SOURCE;
				MTL_FAST_MATH = YES;
				ONLY_ACTIVE_ARCH = YES;
				SDKROOT = iphoneos;
				SWIFT_ACTIVE_COMPILATION_CONDITIONS = DEBUG;
				SWIFT_OPTIMIZATION_LEVEL = "-Onone";
			};
			name = Debug;
		};
		EAAFA3812327AE7500904EB3 /* Release */ = {
			isa = XCBuildConfiguration;
			buildSettings = {
				ALWAYS_SEARCH_USER_PATHS = NO;
				CLANG_ANALYZER_NONNULL = YES;
				CLANG_ANALYZER_NUMBER_OBJECT_CONVERSION = YES_AGGRESSIVE;
				CLANG_CXX_LANGUAGE_STANDARD = "gnu++14";
				CLANG_CXX_LIBRARY = "libc++";
				CLANG_ENABLE_MODULES = YES;
				CLANG_ENABLE_OBJC_ARC = YES;
				CLANG_ENABLE_OBJC_WEAK = YES;
				CLANG_WARN_BLOCK_CAPTURE_AUTORELEASING = YES;
				CLANG_WARN_BOOL_CONVERSION = YES;
				CLANG_WARN_COMMA = YES;
				CLANG_WARN_CONSTANT_CONVERSION = YES;
				CLANG_WARN_DEPRECATED_OBJC_IMPLEMENTATIONS = YES;
				CLANG_WARN_DIRECT_OBJC_ISA_USAGE = YES_ERROR;
				CLANG_WARN_DOCUMENTATION_COMMENTS = YES;
				CLANG_WARN_EMPTY_BODY = YES;
				CLANG_WARN_ENUM_CONVERSION = YES;
				CLANG_WARN_INFINITE_RECURSION = YES;
				CLANG_WARN_INT_CONVERSION = YES;
				CLANG_WARN_NON_LITERAL_NULL_CONVERSION = YES;
				CLANG_WARN_OBJC_IMPLICIT_RETAIN_SELF = YES;
				CLANG_WARN_OBJC_LITERAL_CONVERSION = YES;
				CLANG_WARN_OBJC_ROOT_CLASS = YES_ERROR;
				CLANG_WARN_RANGE_LOOP_ANALYSIS = YES;
				CLANG_WARN_STRICT_PROTOTYPES = YES;
				CLANG_WARN_SUSPICIOUS_MOVE = YES;
				CLANG_WARN_UNGUARDED_AVAILABILITY = YES_AGGRESSIVE;
				CLANG_WARN_UNREACHABLE_CODE = YES;
				CLANG_WARN__DUPLICATE_METHOD_MATCH = YES;
				CODE_SIGN_IDENTITY = "iPhone Developer";
				COPY_PHASE_STRIP = NO;
				DEBUG_INFORMATION_FORMAT = "dwarf-with-dsym";
				ENABLE_NS_ASSERTIONS = NO;
				ENABLE_STRICT_OBJC_MSGSEND = YES;
				GCC_C_LANGUAGE_STANDARD = gnu11;
				GCC_NO_COMMON_BLOCKS = YES;
				GCC_WARN_64_TO_32_BIT_CONVERSION = YES;
				GCC_WARN_ABOUT_RETURN_TYPE = YES_ERROR;
				GCC_WARN_UNDECLARED_SELECTOR = YES;
				GCC_WARN_UNINITIALIZED_AUTOS = YES_AGGRESSIVE;
				GCC_WARN_UNUSED_FUNCTION = YES;
				GCC_WARN_UNUSED_VARIABLE = YES;
				IPHONEOS_DEPLOYMENT_TARGET = 12.4;
				MTL_ENABLE_DEBUG_INFO = NO;
				MTL_FAST_MATH = YES;
				SDKROOT = iphoneos;
				SWIFT_COMPILATION_MODE = wholemodule;
				SWIFT_OPTIMIZATION_LEVEL = "-O";
				VALIDATE_PRODUCT = YES;
			};
			name = Release;
		};
		EAAFA3832327AE7500904EB3 /* Debug */ = {
			isa = XCBuildConfiguration;
			baseConfigurationReference = 4493CCBB2734DF435C180619 /* Pods-Mensaplan.debug.xcconfig */;
			buildSettings = {
				ASSETCATALOG_COMPILER_APPICON_NAME = AppIcon;
				CODE_SIGN_STYLE = Automatic;
				DEVELOPMENT_TEAM = "";
				INFOPLIST_FILE = Mensaplan/Info.plist;
				IPHONEOS_DEPLOYMENT_TARGET = 10.0;
				LD_RUNPATH_SEARCH_PATHS = (
					"$(inherited)",
					"@executable_path/Frameworks",
				);
				PRODUCT_BUNDLE_IDENTIFIER = com.stefansator.Mensaplan;
				PRODUCT_NAME = "$(TARGET_NAME)";
				SWIFT_VERSION = 5.0;
				TARGETED_DEVICE_FAMILY = "1,2";
			};
			name = Debug;
		};
		EAAFA3842327AE7500904EB3 /* Release */ = {
			isa = XCBuildConfiguration;
			baseConfigurationReference = 7B8F199F07A2B0E61E6E535C /* Pods-Mensaplan.release.xcconfig */;
			buildSettings = {
				ASSETCATALOG_COMPILER_APPICON_NAME = AppIcon;
				CODE_SIGN_STYLE = Automatic;
				DEVELOPMENT_TEAM = "";
				INFOPLIST_FILE = Mensaplan/Info.plist;
				IPHONEOS_DEPLOYMENT_TARGET = 10.0;
				LD_RUNPATH_SEARCH_PATHS = (
					"$(inherited)",
					"@executable_path/Frameworks",
				);
				PRODUCT_BUNDLE_IDENTIFIER = com.stefansator.Mensaplan;
				PRODUCT_NAME = "$(TARGET_NAME)";
				SWIFT_VERSION = 5.0;
				TARGETED_DEVICE_FAMILY = "1,2";
			};
			name = Release;
		};
		EAAFA3862327AE7500904EB3 /* Debug */ = {
			isa = XCBuildConfiguration;
			baseConfigurationReference = 0F14A82792C950938FC54B46 /* Pods-MensaplanTests.debug.xcconfig */;
			buildSettings = {
				ALWAYS_EMBED_SWIFT_STANDARD_LIBRARIES = YES;
				BUNDLE_LOADER = "$(TEST_HOST)";
				CODE_SIGN_STYLE = Automatic;
				INFOPLIST_FILE = MensaplanTests/Info.plist;
				LD_RUNPATH_SEARCH_PATHS = (
					"$(inherited)",
					"@executable_path/Frameworks",
					"@loader_path/Frameworks",
				);
				PRODUCT_BUNDLE_IDENTIFIER = com.stefansator.MensaplanTests;
				PRODUCT_NAME = "$(TARGET_NAME)";
				SWIFT_VERSION = 5.0;
				TARGETED_DEVICE_FAMILY = "1,2";
				TEST_HOST = "$(BUILT_PRODUCTS_DIR)/Mensaplan.app/Mensaplan";
			};
			name = Debug;
		};
		EAAFA3872327AE7500904EB3 /* Release */ = {
			isa = XCBuildConfiguration;
			baseConfigurationReference = AEEEB80E84509CD39E149BB7 /* Pods-MensaplanTests.release.xcconfig */;
			buildSettings = {
				ALWAYS_EMBED_SWIFT_STANDARD_LIBRARIES = YES;
				BUNDLE_LOADER = "$(TEST_HOST)";
				CODE_SIGN_STYLE = Automatic;
				INFOPLIST_FILE = MensaplanTests/Info.plist;
				LD_RUNPATH_SEARCH_PATHS = (
					"$(inherited)",
					"@executable_path/Frameworks",
					"@loader_path/Frameworks",
				);
				PRODUCT_BUNDLE_IDENTIFIER = com.stefansator.MensaplanTests;
				PRODUCT_NAME = "$(TARGET_NAME)";
				SWIFT_VERSION = 5.0;
				TARGETED_DEVICE_FAMILY = "1,2";
				TEST_HOST = "$(BUILT_PRODUCTS_DIR)/Mensaplan.app/Mensaplan";
			};
			name = Release;
		};
/* End XCBuildConfiguration section */

/* Begin XCConfigurationList section */
		EAAFA3602327AE7400904EB3 /* Build configuration list for PBXProject "Mensaplan" */ = {
			isa = XCConfigurationList;
			buildConfigurations = (
				EAAFA3802327AE7500904EB3 /* Debug */,
				EAAFA3812327AE7500904EB3 /* Release */,
			);
			defaultConfigurationIsVisible = 0;
			defaultConfigurationName = Release;
		};
		EAAFA3822327AE7500904EB3 /* Build configuration list for PBXNativeTarget "Mensaplan" */ = {
			isa = XCConfigurationList;
			buildConfigurations = (
				EAAFA3832327AE7500904EB3 /* Debug */,
				EAAFA3842327AE7500904EB3 /* Release */,
			);
			defaultConfigurationIsVisible = 0;
			defaultConfigurationName = Release;
		};
		EAAFA3852327AE7500904EB3 /* Build configuration list for PBXNativeTarget "MensaplanTests" */ = {
			isa = XCConfigurationList;
			buildConfigurations = (
				EAAFA3862327AE7500904EB3 /* Debug */,
				EAAFA3872327AE7500904EB3 /* Release */,
			);
			defaultConfigurationIsVisible = 0;
			defaultConfigurationName = Release;
		};
/* End XCConfigurationList section */
	};
	rootObject = EAAFA35D2327AE7400904EB3 /* Project object */;
}
